# This file is automatically @generated by Cargo.
# It is not intended for manual editing.
[[package]]
name = "addr2line"
version = "0.13.0"
source = "registry+https://github.com/rust-lang/crates.io-index"
checksum = "1b6a2d3371669ab3ca9797670853d61402b03d0b4b9ebf33d677dfa720203072"
dependencies = [
 "gimli",
]

[[package]]
name = "adler"
version = "0.2.3"
source = "registry+https://github.com/rust-lang/crates.io-index"
checksum = "ee2a4ec343196209d6594e19543ae87a39f96d5534d7174822a3ad825dd6ed7e"

[[package]]
name = "aead"
version = "0.3.2"
source = "registry+https://github.com/rust-lang/crates.io-index"
checksum = "7fc95d1bdb8e6666b2b217308eeeb09f2d6728d104be3e31916cc74d15420331"
dependencies = [
 "generic-array",
]

[[package]]
name = "aho-corasick"
version = "0.7.13"
source = "registry+https://github.com/rust-lang/crates.io-index"
checksum = "043164d8ba5c4c3035fec9bbee8647c0261d788f3474306f93bb65901cae0e86"
dependencies = [
 "memchr",
]

[[package]]
name = "arraydeque"
version = "0.4.5"
source = "registry+https://github.com/rust-lang/crates.io-index"
checksum = "f0ffd3d69bd89910509a5d31d1f1353f38ccffdd116dd0099bbd6627f7bd8ad8"

[[package]]
name = "atty"
version = "0.2.14"
source = "registry+https://github.com/rust-lang/crates.io-index"
checksum = "d9b39be18770d11421cdb1b9947a45dd3f37e93092cbf377614828a319d5fee8"
dependencies = [
 "hermit-abi",
 "libc",
 "winapi 0.3.9",
]

[[package]]
name = "autocfg"
version = "1.0.1"
source = "registry+https://github.com/rust-lang/crates.io-index"
checksum = "cdb031dd78e28731d87d56cc8ffef4a8f36ca26c38fe2de700543e627f8a464a"

[[package]]
name = "backtrace"
version = "0.3.50"
source = "registry+https://github.com/rust-lang/crates.io-index"
checksum = "46254cf2fdcdf1badb5934448c1bcbe046a56537b3987d96c51a7afc5d03f293"
dependencies = [
 "addr2line",
 "cfg-if 0.1.10",
 "libc",
 "miniz_oxide",
 "object",
 "rustc-demangle",
]

[[package]]
name = "bit-set"
version = "0.5.2"
source = "registry+https://github.com/rust-lang/crates.io-index"
checksum = "6e11e16035ea35e4e5997b393eacbf6f63983188f7a2ad25bfb13465f5ad59de"
dependencies = [
 "bit-vec",
]

[[package]]
name = "bit-vec"
version = "0.6.2"
source = "registry+https://github.com/rust-lang/crates.io-index"
checksum = "5f0dc55f2d8a1a85650ac47858bb001b4c0dd73d79e3c455a842925e68d29cd3"

[[package]]
name = "bitflags"
version = "0.5.0"
source = "registry+https://github.com/rust-lang/crates.io-index"
checksum = "4f67931368edf3a9a51d29886d245f1c3db2f1ef0dcc9e35ff70341b78c10d23"

[[package]]
name = "bitflags"
version = "1.2.1"
source = "registry+https://github.com/rust-lang/crates.io-index"
checksum = "cf1de2fe8c75bc145a2f577add951f8134889b4795d47466a54a5c846d691693"

[[package]]
name = "blake2"
version = "0.9.1"
source = "registry+https://github.com/rust-lang/crates.io-index"
checksum = "10a5720225ef5daecf08657f23791354e1685a8c91a4c60c7f3d3b2892f978f4"
dependencies = [
 "crypto-mac 0.8.0",
 "digest",
 "opaque-debug",
]

[[package]]
name = "bumpalo"
version = "3.4.0"
source = "registry+https://github.com/rust-lang/crates.io-index"
checksum = "2e8c087f005730276d1096a652e92a8bacee2e2472bcc9715a74d2bec38b5820"

[[package]]
name = "byteorder"
version = "1.3.4"
source = "registry+https://github.com/rust-lang/crates.io-index"
checksum = "08c48aae112d48ed9f069b33538ea9e3e90aa263cfa3d1c24309612b1f7472de"

[[package]]
name = "cc"
version = "1.0.60"
source = "registry+https://github.com/rust-lang/crates.io-index"
checksum = "ef611cc68ff783f18535d77ddd080185275713d852c4f5cbb6122c462a7a825c"

[[package]]
name = "cfg-if"
version = "0.1.10"
source = "registry+https://github.com/rust-lang/crates.io-index"
checksum = "4785bdd1c96b2a846b2bd7cc02e86b6b3dbf14e7e53446c4f54c92a361040822"

[[package]]
name = "cfg-if"
version = "1.0.0"
source = "registry+https://github.com/rust-lang/crates.io-index"
checksum = "baf1de4339761588bc0619e3cbc0120ee582ebb74b53b4efbf79117bd2da40fd"

[[package]]
name = "chacha20"
version = "0.6.0"
source = "registry+https://github.com/rust-lang/crates.io-index"
checksum = "ed8738f14471a99f0e316c327e68fc82a3611cc2895fcb604b89eedaf8f39d95"
dependencies = [
 "cipher",
 "zeroize",
]

[[package]]
name = "chacha20poly1305"
version = "0.7.1"
source = "registry+https://github.com/rust-lang/crates.io-index"
checksum = "af1fc18e6d90c40164bf6c317476f2a98f04661e310e79830366b7e914c58a8e"
dependencies = [
 "aead",
 "chacha20",
 "cipher",
 "poly1305",
 "zeroize",
]

[[package]]
name = "cipher"
version = "0.2.5"
source = "registry+https://github.com/rust-lang/crates.io-index"
checksum = "12f8e7987cbd042a63249497f41aed09f8e65add917ea6566effbc56578d6801"
dependencies = [
 "generic-array",
]

[[package]]
name = "clear_on_drop"
version = "0.2.4"
source = "registry+https://github.com/rust-lang/crates.io-index"
checksum = "c9cc5db465b294c3fa986d5bbb0f3017cd850bff6dd6c52f9ccff8b4d21b7b08"
dependencies = [
 "cc",
]

[[package]]
name = "cpuid-bool"
version = "0.2.0"
source = "registry+https://github.com/rust-lang/crates.io-index"
checksum = "dcb25d077389e53838a8158c8e99174c5a9d902dee4904320db714f3c653ffba"

[[package]]
name = "cpuprofiler"
version = "0.0.4"
source = "registry+https://github.com/rust-lang/crates.io-index"
checksum = "43f8479dbcfd2bbaa0c0c26779b913052b375981cdf533091f2127ea3d42e52b"
dependencies = [
 "error-chain",
 "lazy_static",
 "pkg-config",
]

[[package]]
name = "crossbeam-channel"
version = "0.5.0"
source = "registry+https://github.com/rust-lang/crates.io-index"
checksum = "dca26ee1f8d361640700bde38b2c37d8c22b3ce2d360e1fc1c74ea4b0aa7d775"
dependencies = [
 "cfg-if 1.0.0",
 "crossbeam-utils",
]

[[package]]
name = "crossbeam-utils"
version = "0.8.1"
source = "registry+https://github.com/rust-lang/crates.io-index"
checksum = "02d96d1e189ef58269ebe5b97953da3274d83a93af647c2ddd6f9dab28cedb8d"
dependencies = [
 "autocfg",
 "cfg-if 1.0.0",
 "lazy_static",
]

[[package]]
name = "crypto-mac"
version = "0.8.0"
source = "registry+https://github.com/rust-lang/crates.io-index"
checksum = "b584a330336237c1eecd3e94266efb216c56ed91225d634cb2991c5f3fd1aeab"
dependencies = [
 "generic-array",
 "subtle",
]

[[package]]
name = "crypto-mac"
version = "0.10.0"
source = "registry+https://github.com/rust-lang/crates.io-index"
checksum = "4857fd85a0c34b3c3297875b747c1e02e06b6a0ea32dd892d8192b9ce0813ea6"
dependencies = [
 "generic-array",
 "subtle",
]

[[package]]
name = "curve25519-dalek"
version = "3.0.0"
source = "registry+https://github.com/rust-lang/crates.io-index"
checksum = "c8492de420e9e60bc9a1d66e2dbb91825390b738a388606600663fc529b4b307"
dependencies = [
 "byteorder",
 "digest",
 "rand_core",
 "subtle",
 "zeroize",
]

[[package]]
name = "dashmap"
version = "4.0.1"
source = "registry+https://github.com/rust-lang/crates.io-index"
checksum = "4b937cd1fbd1f194ac842196bd2529f21618088ee6d8bff6a46ece611451c96b"
dependencies = [
 "cfg-if 1.0.0",
 "num_cpus",
]

[[package]]
name = "digest"
version = "0.9.0"
source = "registry+https://github.com/rust-lang/crates.io-index"
checksum = "d3dd60d1080a57a05ab032377049e0591415d2b31afd7028356dbf3cc6dcb066"
dependencies = [
 "generic-array",
]

[[package]]
name = "env_logger"
version = "0.8.2"
source = "registry+https://github.com/rust-lang/crates.io-index"
checksum = "f26ecb66b4bdca6c1409b40fb255eefc2bd4f6d135dab3c3124f80ffa2a9661e"
dependencies = [
 "atty",
 "humantime",
 "log 0.4.11",
 "regex",
 "termcolor",
]

[[package]]
name = "error-chain"
version = "0.12.4"
source = "registry+https://github.com/rust-lang/crates.io-index"
checksum = "2d2f06b9cac1506ece98fe3231e3cc9c4410ec3d5b1f24ae1c8946f0742cdefc"
dependencies = [
 "backtrace",
 "version_check",
]

[[package]]
name = "fnv"
version = "1.0.7"
source = "registry+https://github.com/rust-lang/crates.io-index"
checksum = "3f9eec918d3f24069decb9af1554cad7c880e2da24a9afd88aca000531ab82c1"

[[package]]
name = "fuchsia-zircon"
version = "0.3.3"
source = "registry+https://github.com/rust-lang/crates.io-index"
checksum = "2e9763c69ebaae630ba35f74888db465e49e259ba1bc0eda7d06f4a067615d82"
dependencies = [
 "bitflags 1.2.1",
 "fuchsia-zircon-sys",
]

[[package]]
name = "fuchsia-zircon-sys"
version = "0.3.3"
source = "registry+https://github.com/rust-lang/crates.io-index"
checksum = "3dcaa9ae7725d12cdb85b3ad99a434db70b468c09ded17e012d86b5c1010f7a7"

[[package]]
name = "generic-array"
version = "0.14.4"
source = "registry+https://github.com/rust-lang/crates.io-index"
checksum = "501466ecc8a30d1d3b7fc9229b122b2ce8ed6e9d9223f1138d4babb253e51817"
dependencies = [
 "typenum",
 "version_check",
]

[[package]]
name = "getrandom"
version = "0.1.15"
source = "registry+https://github.com/rust-lang/crates.io-index"
checksum = "fc587bc0ec293155d5bfa6b9891ec18a1e330c234f896ea47fbada4cadbe47e6"
dependencies = [
 "cfg-if 0.1.10",
 "libc",
 "wasi",
]

[[package]]
name = "gimli"
version = "0.22.0"
source = "registry+https://github.com/rust-lang/crates.io-index"
checksum = "aaf91faf136cb47367fa430cd46e37a788775e7fa104f8b4bcb3861dc389b724"

[[package]]
name = "glob"
version = "0.2.11"
source = "registry+https://github.com/rust-lang/crates.io-index"
checksum = "8be18de09a56b60ed0edf84bc9df007e30040691af7acd1c41874faac5895bfb"

[[package]]
name = "hermit-abi"
version = "0.1.15"
source = "registry+https://github.com/rust-lang/crates.io-index"
checksum = "3deed196b6e7f9e44a2ae8d94225d80302d81208b1bb673fd21fe634645c85a9"
dependencies = [
 "libc",
]

[[package]]
name = "hex"
version = "0.4.2"
source = "registry+https://github.com/rust-lang/crates.io-index"
checksum = "644f9158b2f133fd50f5fb3242878846d9eb792e445c893805ff0e3824006e35"

[[package]]
name = "hjul"
version = "0.2.2"
source = "registry+https://github.com/rust-lang/crates.io-index"
checksum = "b543d59589bf4d94a3dd2294162b5eeafc969962a675d544e597b03233869180"
dependencies = [
 "mio",
 "mio-extras",
 "spin 0.5.2",
]

[[package]]
name = "hmac"
version = "0.10.1"
source = "registry+https://github.com/rust-lang/crates.io-index"
checksum = "c1441c6b1e930e2817404b5046f1f989899143a12bf92de603b69f4e0aee1e15"
dependencies = [
 "crypto-mac 0.10.0",
 "digest",
]

[[package]]
name = "humantime"
version = "2.0.1"
source = "registry+https://github.com/rust-lang/crates.io-index"
checksum = "3c1ad908cc71012b7bea4d0c53ba96a8cba9962f048fa68d143376143d863b7a"

[[package]]
name = "instant"
version = "0.1.9"
source = "registry+https://github.com/rust-lang/crates.io-index"
checksum = "61124eeebbd69b8190558df225adf7e4caafce0d743919e5d6b19652314ec5ec"
dependencies = [
 "cfg-if 1.0.0",
]

[[package]]
name = "iovec"
version = "0.1.4"
source = "registry+https://github.com/rust-lang/crates.io-index"
checksum = "b2b3ea6ff95e175473f8ffe6a7eb7c00d054240321b84c57051175fe3c1e075e"
dependencies = [
 "libc",
]

[[package]]
name = "ip_network_table-deps-treebitmap"
version = "0.5.0"
source = "registry+https://github.com/rust-lang/crates.io-index"
checksum = "8e537132deb99c0eb4b752f0346b6a836200eaaa3516dd7e5514b63930a09e5d"

[[package]]
name = "ipnetwork"
version = "0.17.0"
source = "registry+https://github.com/rust-lang/crates.io-index"
checksum = "02c3eaab3ac0ede60ffa41add21970a7df7d91772c03383aac6c2c3d53cc716b"
dependencies = [
 "serde",
]

[[package]]
name = "js-sys"
version = "0.3.45"
source = "registry+https://github.com/rust-lang/crates.io-index"
checksum = "ca059e81d9486668f12d455a4ea6daa600bd408134cd17e3d3fb5a32d1f016f8"
dependencies = [
 "wasm-bindgen",
]

[[package]]
name = "kernel32-sys"
version = "0.2.2"
source = "registry+https://github.com/rust-lang/crates.io-index"
checksum = "7507624b29483431c0ba2d82aece8ca6cdba9382bff4ddd0f7490560c056098d"
dependencies = [
 "winapi 0.2.8",
 "winapi-build",
]

[[package]]
name = "lazy_static"
version = "1.4.0"
source = "registry+https://github.com/rust-lang/crates.io-index"
checksum = "e2abad23fbc42b3700f2f279844dc832adb2b2eb069b2df918f455c4e18cc646"

[[package]]
name = "lazycell"
version = "1.3.0"
source = "registry+https://github.com/rust-lang/crates.io-index"
checksum = "830d08ce1d1d941e6b30645f1a0eb5643013d835ce3779a5fc208261dbe10f55"

[[package]]
name = "libc"
version = "0.2.77"
source = "registry+https://github.com/rust-lang/crates.io-index"
checksum = "f2f96b10ec2560088a8e76961b00d47107b3a625fecb76dedb29ee7ccbf98235"

[[package]]
name = "lock_api"
version = "0.4.2"
source = "registry+https://github.com/rust-lang/crates.io-index"
checksum = "dd96ffd135b2fd7b973ac026d28085defbe8983df057ced3eb4f2130b0831312"
dependencies = [
 "scopeguard",
]

[[package]]
name = "log"
version = "0.3.9"
source = "registry+https://github.com/rust-lang/crates.io-index"
checksum = "e19e8d5c34a3e0e2223db8e060f9e8264aeeb5c5fc64a4ee9965c062211c024b"
dependencies = [
 "log 0.4.11",
]

[[package]]
name = "log"
version = "0.4.11"
source = "registry+https://github.com/rust-lang/crates.io-index"
checksum = "4fabed175da42fed1fa0746b0ea71f412aa9d35e76e95e59b192c64b9dc2bf8b"
dependencies = [
 "cfg-if 0.1.10",
]

[[package]]
name = "memchr"
version = "2.3.3"
source = "registry+https://github.com/rust-lang/crates.io-index"
checksum = "3728d817d99e5ac407411fa471ff9800a778d88a24685968b36824eaf4bee400"

[[package]]
name = "miniz_oxide"
version = "0.4.2"
source = "registry+https://github.com/rust-lang/crates.io-index"
checksum = "c60c0dfe32c10b43a144bad8fc83538c52f58302c92300ea7ec7bf7b38d5a7b9"
dependencies = [
 "adler",
 "autocfg",
]

[[package]]
name = "mio"
version = "0.6.22"
source = "registry+https://github.com/rust-lang/crates.io-index"
checksum = "fce347092656428bc8eaf6201042cb551b8d67855af7374542a92a0fbfcac430"
dependencies = [
 "cfg-if 0.1.10",
 "fuchsia-zircon",
 "fuchsia-zircon-sys",
 "iovec",
 "kernel32-sys",
 "libc",
 "log 0.4.11",
 "miow",
 "net2",
 "slab",
 "winapi 0.2.8",
]

[[package]]
name = "mio-extras"
version = "2.0.6"
source = "registry+https://github.com/rust-lang/crates.io-index"
checksum = "52403fe290012ce777c4626790c8951324a2b9e3316b3143779c72b029742f19"
dependencies = [
 "lazycell",
 "log 0.4.11",
 "mio",
 "slab",
]

[[package]]
name = "miow"
version = "0.2.1"
source = "registry+https://github.com/rust-lang/crates.io-index"
checksum = "8c1f2f3b1cf331de6896aabf6e9d55dca90356cc9960cca7eaaf408a355ae919"
dependencies = [
 "kernel32-sys",
 "net2",
 "winapi 0.2.8",
 "ws2_32-sys",
]

[[package]]
name = "net2"
version = "0.2.35"
source = "registry+https://github.com/rust-lang/crates.io-index"
checksum = "3ebc3ec692ed7c9a255596c67808dee269f64655d8baf7b4f0638e51ba1d6853"
dependencies = [
 "cfg-if 0.1.10",
 "libc",
 "winapi 0.3.9",
]

[[package]]
name = "num-traits"
version = "0.2.12"
source = "registry+https://github.com/rust-lang/crates.io-index"
checksum = "ac267bcc07f48ee5f8935ab0d24f316fb722d7a1292e2913f0cc196b29ffd611"
dependencies = [
 "autocfg",
]

[[package]]
name = "num_cpus"
version = "1.13.0"
source = "registry+https://github.com/rust-lang/crates.io-index"
checksum = "05499f3756671c15885fee9034446956fff3f243d6077b91e5767df161f766b3"
dependencies = [
 "hermit-abi",
 "libc",
]

[[package]]
name = "object"
version = "0.20.0"
source = "registry+https://github.com/rust-lang/crates.io-index"
checksum = "1ab52be62400ca80aa00285d25253d7f7c437b7375c4de678f5405d3afe82ca5"

[[package]]
name = "once_cell"
version = "1.4.1"
source = "registry+https://github.com/rust-lang/crates.io-index"
checksum = "260e51e7efe62b592207e9e13a68e43692a7a279171d6ba57abd208bf23645ad"

[[package]]
name = "opaque-debug"
version = "0.3.0"
source = "registry+https://github.com/rust-lang/crates.io-index"
checksum = "624a8340c38c1b80fd549087862da4ba43e08858af025b236e509b6649fc13d5"

[[package]]
name = "parking_lot"
version = "0.11.1"
source = "registry+https://github.com/rust-lang/crates.io-index"
checksum = "6d7744ac029df22dca6284efe4e898991d28e3085c706c972bcd7da4a27a15eb"
dependencies = [
 "instant",
 "lock_api",
 "parking_lot_core",
]

[[package]]
name = "parking_lot_core"
version = "0.8.2"
source = "registry+https://github.com/rust-lang/crates.io-index"
checksum = "9ccb628cad4f84851442432c60ad8e1f607e29752d0bf072cbd0baf28aa34272"
dependencies = [
 "cfg-if 1.0.0",
 "instant",
 "libc",
 "redox_syscall",
 "smallvec",
 "winapi 0.3.9",
]

[[package]]
name = "pkg-config"
version = "0.3.18"
source = "registry+https://github.com/rust-lang/crates.io-index"
checksum = "d36492546b6af1463394d46f0c834346f31548646f6ba10849802c9c9a27ac33"

[[package]]
name = "pnet"
version = "0.27.2"
source = "registry+https://github.com/rust-lang/crates.io-index"
checksum = "b657d5b9a98a2c81b82549922b8b15984e49f8120cd130b11a09f81b9b55d633"
dependencies = [
 "ipnetwork",
 "pnet_base",
 "pnet_datalink",
 "pnet_packet",
 "pnet_sys",
 "pnet_transport",
]

[[package]]
name = "pnet_base"
version = "0.27.2"
source = "registry+https://github.com/rust-lang/crates.io-index"
checksum = "4e4688aa497ef62129f302a5800ebde67825f8ff129f43690ca84099f6620bed"

[[package]]
name = "pnet_datalink"
version = "0.27.2"
source = "registry+https://github.com/rust-lang/crates.io-index"
checksum = "59001c9c4d9d23bf2f61afaaf134a766fd6932ba2557c606b9112157053b9ac7"
dependencies = [
 "ipnetwork",
 "libc",
 "pnet_base",
 "pnet_sys",
 "winapi 0.3.9",
]

[[package]]
name = "pnet_macros"
version = "0.27.2"
source = "registry+https://github.com/rust-lang/crates.io-index"
checksum = "d894a90dbdbe976e624453fc31b1912f658083778329442dda1cca94f76a3e76"
dependencies = [
 "regex",
 "syntex",
 "syntex_syntax",
]

[[package]]
name = "pnet_macros_support"
version = "0.27.2"
source = "registry+https://github.com/rust-lang/crates.io-index"
checksum = "4b99269a458570bc06a9132254349f6543d9abc92e88b68d8de934aac9481f6c"
dependencies = [
 "pnet_base",
]

[[package]]
name = "pnet_packet"
version = "0.27.2"
source = "registry+https://github.com/rust-lang/crates.io-index"
checksum = "33f8238f4eb897a55ca06510cd71afb5b5ca7b4ff2d7188f1ca855fc1710133e"
dependencies = [
 "glob",
 "pnet_base",
 "pnet_macros",
 "pnet_macros_support",
 "syntex",
]

[[package]]
name = "pnet_sys"
version = "0.27.2"
source = "registry+https://github.com/rust-lang/crates.io-index"
checksum = "7589e4c4e7ed72a3ffdff8a65d3bea84e8c3a23e19d0a10e8f45efdf632fff15"
dependencies = [
 "libc",
 "winapi 0.3.9",
]

[[package]]
name = "pnet_transport"
version = "0.27.2"
source = "registry+https://github.com/rust-lang/crates.io-index"
checksum = "326abdfd2e70e8e943bd58087b59686de170cac050a3b19c9fcc84db01690af5"
dependencies = [
 "libc",
 "pnet_base",
 "pnet_packet",
 "pnet_sys",
]

[[package]]
name = "poly1305"
version = "0.6.2"
source = "registry+https://github.com/rust-lang/crates.io-index"
checksum = "4b7456bc1ad2d4cf82b3a016be4c2ac48daf11bf990c1603ebd447fe6f30fca8"
dependencies = [
 "cpuid-bool",
 "universal-hash",
]

[[package]]
name = "ppv-lite86"
version = "0.2.9"
source = "registry+https://github.com/rust-lang/crates.io-index"
checksum = "c36fa947111f5c62a733b652544dd0016a43ce89619538a8ef92724a6f501a20"

[[package]]
name = "proc-macro2"
version = "1.0.21"
source = "registry+https://github.com/rust-lang/crates.io-index"
checksum = "36e28516df94f3dd551a587da5357459d9b36d945a7c37c3557928c1c2ff2a2c"
dependencies = [
 "unicode-xid 0.2.1",
]

[[package]]
name = "proptest"
version = "0.10.1"
source = "registry+https://github.com/rust-lang/crates.io-index"
checksum = "12e6c80c1139113c28ee4670dc50cc42915228b51f56a9e407f0ec60f966646f"
dependencies = [
 "bit-set",
 "bitflags 1.2.1",
 "byteorder",
 "lazy_static",
 "num-traits",
 "quick-error",
 "rand",
 "rand_chacha",
 "rand_xorshift",
 "regex-syntax",
 "rusty-fork",
 "tempfile",
]

[[package]]
name = "quick-error"
version = "1.2.3"
source = "registry+https://github.com/rust-lang/crates.io-index"
checksum = "a1d01941d82fa2ab50be1e79e6714289dd7cde78eba4c074bc5a4374f650dfe0"

[[package]]
name = "quote"
version = "1.0.7"
source = "registry+https://github.com/rust-lang/crates.io-index"
checksum = "aa563d17ecb180e500da1cfd2b028310ac758de548efdd203e18f283af693f37"
dependencies = [
 "proc-macro2",
]

[[package]]
name = "rand"
version = "0.7.3"
source = "registry+https://github.com/rust-lang/crates.io-index"
checksum = "6a6b1679d49b24bbfe0c803429aa1874472f50d9b363131f0e89fc356b544d03"
dependencies = [
 "getrandom",
 "libc",
 "rand_chacha",
 "rand_core",
 "rand_hc",
]

[[package]]
name = "rand_chacha"
version = "0.2.2"
source = "registry+https://github.com/rust-lang/crates.io-index"
checksum = "f4c8ed856279c9737206bf725bf36935d8666ead7aa69b52be55af369d193402"
dependencies = [
 "ppv-lite86",
 "rand_core",
]

[[package]]
name = "rand_core"
version = "0.5.1"
source = "registry+https://github.com/rust-lang/crates.io-index"
checksum = "90bde5296fc891b0cef12a6d03ddccc162ce7b2aff54160af9338f8d40df6d19"
dependencies = [
 "getrandom",
]

[[package]]
name = "rand_hc"
version = "0.2.0"
source = "registry+https://github.com/rust-lang/crates.io-index"
checksum = "ca3129af7b92a17112d59ad498c6f81eaf463253766b90396d39ea7a39d6613c"
dependencies = [
 "rand_core",
]

[[package]]
name = "rand_xorshift"
version = "0.2.0"
source = "registry+https://github.com/rust-lang/crates.io-index"
checksum = "77d416b86801d23dde1aa643023b775c3a462efc0ed96443add11546cdf1dca8"
dependencies = [
 "rand_core",
]

[[package]]
name = "redox_syscall"
version = "0.1.57"
source = "registry+https://github.com/rust-lang/crates.io-index"
checksum = "41cc0f7e4d5d4544e8861606a285bb08d3e70712ccc7d2b84d7c0ccfaf4b05ce"

[[package]]
name = "regex"
version = "1.3.9"
source = "registry+https://github.com/rust-lang/crates.io-index"
checksum = "9c3780fcf44b193bc4d09f36d2a3c87b251da4a046c87795a0d35f4f927ad8e6"
dependencies = [
 "aho-corasick",
 "memchr",
 "regex-syntax",
 "thread_local",
]

[[package]]
name = "regex-syntax"
version = "0.6.18"
source = "registry+https://github.com/rust-lang/crates.io-index"
checksum = "26412eb97c6b088a6997e05f69403a802a92d520de2f8e63c2b65f9e0f47c4e8"

[[package]]
name = "remove_dir_all"
version = "0.5.3"
source = "registry+https://github.com/rust-lang/crates.io-index"
checksum = "3acd125665422973a33ac9d3dd2df85edad0f4ae9b00dafb1a05e43a9f5ef8e7"
dependencies = [
 "winapi 0.3.9",
]

[[package]]
name = "ring"
version = "0.16.15"
source = "registry+https://github.com/rust-lang/crates.io-index"
checksum = "952cd6b98c85bbc30efa1ba5783b8abf12fec8b3287ffa52605b9432313e34e4"
dependencies = [
 "cc",
 "libc",
 "once_cell",
 "spin 0.5.2",
 "untrusted",
 "web-sys",
 "winapi 0.3.9",
]

[[package]]
name = "rustc-demangle"
version = "0.1.16"
source = "registry+https://github.com/rust-lang/crates.io-index"
checksum = "4c691c0e608126e00913e33f0ccf3727d5fc84573623b8d65b2df340b5201783"

[[package]]
name = "rustc-serialize"
version = "0.3.24"
source = "registry+https://github.com/rust-lang/crates.io-index"
checksum = "dcf128d1287d2ea9d80910b5f1120d0b8eede3fbf1abe91c40d39ea7d51e6fda"

[[package]]
name = "rusty-fork"
version = "0.3.0"
source = "registry+https://github.com/rust-lang/crates.io-index"
checksum = "cb3dcc6e454c328bb824492db107ab7c0ae8fcffe4ad210136ef014458c1bc4f"
dependencies = [
 "fnv",
 "quick-error",
 "tempfile",
 "wait-timeout",
]

[[package]]
name = "scopeguard"
version = "1.1.0"
source = "registry+https://github.com/rust-lang/crates.io-index"
checksum = "d29ab0c6d3fc0ee92fe66e2d99f700eab17a8d57d1c1d3b748380fb20baa78cd"

[[package]]
name = "serde"
version = "1.0.116"
source = "registry+https://github.com/rust-lang/crates.io-index"
checksum = "96fe57af81d28386a513cbc6858332abc6117cfdb5999647c6444b8f43a370a5"

[[package]]
name = "slab"
version = "0.4.2"
source = "registry+https://github.com/rust-lang/crates.io-index"
checksum = "c111b5bd5695e56cffe5129854aa230b39c93a305372fdbb2668ca2394eea9f8"

[[package]]
name = "smallvec"
version = "1.4.2"
source = "registry+https://github.com/rust-lang/crates.io-index"
checksum = "fbee7696b84bbf3d89a1c2eccff0850e3047ed46bfcd2e92c29a2d074d57e252"

[[package]]
name = "spin"
version = "0.5.2"
source = "registry+https://github.com/rust-lang/crates.io-index"
checksum = "6e63cff320ae2c57904679ba7cb63280a3dc4613885beafb148ee7bf9aa9042d"

[[package]]
name = "spin"
version = "0.7.0"
source = "registry+https://github.com/rust-lang/crates.io-index"
checksum = "652ac3743312871a5fb703f0337e68ffa3cdc28c863efad0b8dc858fa10c991b"

[[package]]
name = "subtle"
version = "2.4.0"
source = "registry+https://github.com/rust-lang/crates.io-index"
checksum = "1e81da0851ada1f3e9d4312c704aa4f8806f0f9d69faaf8df2f3464b4a9437c2"

[[package]]
name = "syn"
version = "1.0.41"
source = "registry+https://github.com/rust-lang/crates.io-index"
checksum = "6690e3e9f692504b941dc6c3b188fd28df054f7fb8469ab40680df52fdcc842b"
dependencies = [
 "proc-macro2",
 "quote",
 "unicode-xid 0.2.1",
]

[[package]]
name = "synstructure"
version = "0.12.4"
source = "registry+https://github.com/rust-lang/crates.io-index"
checksum = "b834f2d66f734cb897113e34aaff2f1ab4719ca946f9a7358dba8f8064148701"
dependencies = [
 "proc-macro2",
 "quote",
 "syn",
 "unicode-xid 0.2.1",
]

[[package]]
name = "syntex"
version = "0.42.2"
source = "registry+https://github.com/rust-lang/crates.io-index"
checksum = "0a30b08a6b383a22e5f6edc127d169670d48f905bb00ca79a00ea3e442ebe317"
dependencies = [
 "syntex_errors",
 "syntex_syntax",
]

[[package]]
name = "syntex_errors"
version = "0.42.0"
source = "registry+https://github.com/rust-lang/crates.io-index"
checksum = "04c48f32867b6114449155b2a82114b86d4b09e1bddb21c47ff104ab9172b646"
dependencies = [
 "libc",
 "log 0.3.9",
 "rustc-serialize",
 "syntex_pos",
 "term",
 "unicode-xid 0.0.3",
]

[[package]]
name = "syntex_pos"
version = "0.42.0"
source = "registry+https://github.com/rust-lang/crates.io-index"
checksum = "3fd49988e52451813c61fecbe9abb5cfd4e1b7bb6cdbb980a6fbcbab859171a6"
dependencies = [
 "rustc-serialize",
]

[[package]]
name = "syntex_syntax"
version = "0.42.0"
source = "registry+https://github.com/rust-lang/crates.io-index"
checksum = "7628a0506e8f9666fdabb5f265d0059b059edac9a3f810bda077abb5d826bd8d"
dependencies = [
 "bitflags 0.5.0",
 "libc",
 "log 0.3.9",
 "rustc-serialize",
 "syntex_errors",
 "syntex_pos",
 "term",
 "unicode-xid 0.0.3",
]

[[package]]
name = "tempfile"
version = "3.1.0"
source = "registry+https://github.com/rust-lang/crates.io-index"
checksum = "7a6e24d9338a0a5be79593e2fa15a648add6138caa803e2d5bc782c371732ca9"
dependencies = [
 "cfg-if 0.1.10",
 "libc",
 "rand",
 "redox_syscall",
 "remove_dir_all",
 "winapi 0.3.9",
]

[[package]]
name = "term"
version = "0.4.6"
source = "registry+https://github.com/rust-lang/crates.io-index"
checksum = "fa63644f74ce96fbeb9b794f66aff2a52d601cbd5e80f4b97123e3899f4570f1"
dependencies = [
 "kernel32-sys",
 "winapi 0.2.8",
]

[[package]]
name = "termcolor"
version = "1.1.0"
source = "registry+https://github.com/rust-lang/crates.io-index"
checksum = "bb6bfa289a4d7c5766392812c0a1f4c1ba45afa1ad47803c11e1f407d846d75f"
dependencies = [
 "winapi-util",
]

[[package]]
name = "thread_local"
version = "1.0.1"
source = "registry+https://github.com/rust-lang/crates.io-index"
checksum = "d40c6d1b69745a6ec6fb1ca717914848da4b44ae29d9b3080cbee91d72a69b14"
dependencies = [
 "lazy_static",
]

[[package]]
name = "typenum"
version = "1.12.0"
source = "registry+https://github.com/rust-lang/crates.io-index"
checksum = "373c8a200f9e67a0c95e62a4f52fbf80c23b4381c05a17845531982fa99e6b33"

[[package]]
name = "unicode-xid"
version = "0.0.3"
source = "registry+https://github.com/rust-lang/crates.io-index"
checksum = "36dff09cafb4ec7c8cf0023eb0b686cb6ce65499116a12201c9e11840ca01beb"

[[package]]
name = "unicode-xid"
version = "0.2.1"
source = "registry+https://github.com/rust-lang/crates.io-index"
checksum = "f7fe0bb3479651439c9112f72b6c505038574c9fbb575ed1bf3b797fa39dd564"

[[package]]
name = "universal-hash"
version = "0.4.0"
source = "registry+https://github.com/rust-lang/crates.io-index"
checksum = "8326b2c654932e3e4f9196e69d08fdf7cfd718e1dc6f66b347e6024a0c961402"
dependencies = [
 "generic-array",
 "subtle",
]

[[package]]
name = "untrusted"
version = "0.7.1"
source = "registry+https://github.com/rust-lang/crates.io-index"
checksum = "a156c684c91ea7d62626509bce3cb4e1d9ed5c4d978f7b4352658f96a4c26b4a"

[[package]]
name = "version_check"
version = "0.9.2"
source = "registry+https://github.com/rust-lang/crates.io-index"
checksum = "b5a972e5669d67ba988ce3dc826706fb0a8b01471c088cb0b6110b805cc36aed"

[[package]]
name = "wait-timeout"
version = "0.2.0"
source = "registry+https://github.com/rust-lang/crates.io-index"
checksum = "9f200f5b12eb75f8c1ed65abd4b2db8a6e1b138a20de009dacee265a2498f3f6"
dependencies = [
 "libc",
]

[[package]]
name = "wasi"
version = "0.9.0+wasi-snapshot-preview1"
source = "registry+https://github.com/rust-lang/crates.io-index"
checksum = "cccddf32554fecc6acb585f82a32a72e28b48f8c4c1883ddfeeeaa96f7d8e519"

[[package]]
name = "wasm-bindgen"
version = "0.2.68"
source = "registry+https://github.com/rust-lang/crates.io-index"
checksum = "1ac64ead5ea5f05873d7c12b545865ca2b8d28adfc50a49b84770a3a97265d42"
dependencies = [
 "cfg-if 0.1.10",
 "wasm-bindgen-macro",
]

[[package]]
name = "wasm-bindgen-backend"
version = "0.2.68"
source = "registry+https://github.com/rust-lang/crates.io-index"
checksum = "f22b422e2a757c35a73774860af8e112bff612ce6cb604224e8e47641a9e4f68"
dependencies = [
 "bumpalo",
 "lazy_static",
 "log 0.4.11",
 "proc-macro2",
 "quote",
 "syn",
 "wasm-bindgen-shared",
]

[[package]]
name = "wasm-bindgen-macro"
version = "0.2.68"
source = "registry+https://github.com/rust-lang/crates.io-index"
checksum = "6b13312a745c08c469f0b292dd2fcd6411dba5f7160f593da6ef69b64e407038"
dependencies = [
 "quote",
 "wasm-bindgen-macro-support",
]

[[package]]
name = "wasm-bindgen-macro-support"
version = "0.2.68"
source = "registry+https://github.com/rust-lang/crates.io-index"
checksum = "f249f06ef7ee334cc3b8ff031bfc11ec99d00f34d86da7498396dc1e3b1498fe"
dependencies = [
 "proc-macro2",
 "quote",
 "syn",
 "wasm-bindgen-backend",
 "wasm-bindgen-shared",
]

[[package]]
name = "wasm-bindgen-shared"
version = "0.2.68"
source = "registry+https://github.com/rust-lang/crates.io-index"
checksum = "1d649a3145108d7d3fbcde896a468d1bd636791823c9921135218ad89be08307"

[[package]]
name = "web-sys"
version = "0.3.45"
source = "registry+https://github.com/rust-lang/crates.io-index"
checksum = "4bf6ef87ad7ae8008e15a355ce696bed26012b7caa21605188cfd8214ab51e2d"
dependencies = [
 "js-sys",
 "wasm-bindgen",
]

[[package]]
name = "winapi"
version = "0.2.8"
source = "registry+https://github.com/rust-lang/crates.io-index"
checksum = "167dc9d6949a9b857f3451275e911c3f44255842c1f7a76f33c55103a909087a"

[[package]]
name = "winapi"
version = "0.3.9"
source = "registry+https://github.com/rust-lang/crates.io-index"
checksum = "5c839a674fcd7a98952e593242ea400abe93992746761e38641405d28b00f419"
dependencies = [
 "winapi-i686-pc-windows-gnu",
 "winapi-x86_64-pc-windows-gnu",
]

[[package]]
name = "winapi-build"
version = "0.1.1"
source = "registry+https://github.com/rust-lang/crates.io-index"
checksum = "2d315eee3b34aca4797b2da6b13ed88266e6d612562a0c46390af8299fc699bc"

[[package]]
name = "winapi-i686-pc-windows-gnu"
version = "0.4.0"
source = "registry+https://github.com/rust-lang/crates.io-index"
checksum = "ac3b87c63620426dd9b991e5ce0329eff545bccbbb34f3be09ff6fb6ab51b7b6"

[[package]]
name = "winapi-util"
version = "0.1.5"
source = "registry+https://github.com/rust-lang/crates.io-index"
checksum = "70ec6ce85bb158151cae5e5c87f95a8e97d2c0c4b001223f33a334e3ce5de178"
dependencies = [
 "winapi 0.3.9",
]

[[package]]
name = "winapi-x86_64-pc-windows-gnu"
version = "0.4.0"
source = "registry+https://github.com/rust-lang/crates.io-index"
checksum = "712e227841d057c1ee1cd2fb22fa7e5a5461ae8e48fa2ca79ec42cfc1931183f"

[[package]]
name = "wireguard-rs"
version = "0.1.4"
dependencies = [
 "aead",
 "arraydeque",
 "blake2",
 "byteorder",
 "chacha20poly1305",
 "clear_on_drop",
 "cpuprofiler",
 "crossbeam-channel",
 "dashmap",
 "digest",
 "env_logger",
 "generic-array",
 "hex",
 "hjul",
 "hmac",
 "ip_network_table-deps-treebitmap",
 "libc",
 "log 0.4.11",
 "num_cpus",
 "parking_lot",
 "pnet",
 "proptest",
 "rand",
 "rand_chacha",
 "rand_core",
 "ring",
 "spin 0.7.0",
 "subtle",
 "x25519-dalek",
 "zerocopy",
]

[[package]]
name = "ws2_32-sys"
version = "0.2.1"
source = "registry+https://github.com/rust-lang/crates.io-index"
checksum = "d59cefebd0c892fa2dd6de581e937301d8552cb44489cdff035c6187cb63fa5e"
dependencies = [
 "winapi 0.2.8",
 "winapi-build",
]

[[package]]
name = "x25519-dalek"
version = "1.1.0"
source = "registry+https://github.com/rust-lang/crates.io-index"
checksum = "bc614d95359fd7afc321b66d2107ede58b246b844cf5d8a0adcca413e439f088"
dependencies = [
 "curve25519-dalek",
 "rand_core",
 "zeroize",
]

[[package]]
name = "zerocopy"
version = "0.3.0"
source = "registry+https://github.com/rust-lang/crates.io-index"
checksum = "6580539ad917b7c026220c4b3f2c08d52ce54d6ce0dc491e66002e35388fab46"
dependencies = [
 "byteorder",
 "zerocopy-derive",
]

[[package]]
name = "zerocopy-derive"
version = "0.2.0"
source = "registry+https://github.com/rust-lang/crates.io-index"
checksum = "d498dbd1fd7beb83c86709ae1c33ca50942889473473d287d56ce4770a18edfb"
dependencies = [
 "proc-macro2",
 "syn",
 "synstructure",
]

[[package]]
name = "zeroize"
version = "1.1.1"
source = "registry+https://github.com/rust-lang/crates.io-index"
checksum = "05f33972566adbd2d3588b0491eb94b98b43695c4ef897903470ede4f3f5a28a"
dependencies = [
 "zeroize_derive",
]

[[package]]
name = "zeroize_derive"
version = "1.0.1"
source = "registry+https://github.com/rust-lang/crates.io-index"
checksum = "c3f369ddb18862aba61aa49bf31e74d29f0f162dec753063200e1dc084345d16"
dependencies = [
 "proc-macro2",
 "quote",
 "syn",
 "synstructure",
]
